{
    "_readme": [
        "This file locks the dependencies of your project to a known state",
        "Read more about it at https://getcomposer.org/doc/01-basic-usage.md#composer-lock-the-lock-file",
        "This file is @generated automatically"
    ],
    "content-hash": "b8855287f3fa1a6ea1428ef717f0a8ad",
    "packages": [],
    "packages-dev": [
        {
            "name": "davideugenepratt/magento2-demo",
            "version": "dev-master",
            "source": {
                "type": "git",
                "url": "https://github.com/davideugenepratt/magento2-demo.git",
                "reference": "c2a12b0f5524ada9cff210247d077744f3e1d174"
            },
            "dist": {
                "type": "zip",
                "url": "https://api.github.com/repos/davideugenepratt/magento2-demo/zipball/c2a12b0f5524ada9cff210247d077744f3e1d174",
                "reference": "c2a12b0f5524ada9cff210247d077744f3e1d174",
                "shasum": ""
            },
            "require": {
                "php": "^5.3.3 || ^7.0"
            },
            "type": "library",
            "description": "A package that throws a Magento2 demo site into your dev dependencies.",
            "support": {
                "source": "https://github.com/davideugenepratt/magento2-demo/tree/master",
                "issues": "https://github.com/davideugenepratt/magento2-demo/issues"
            },
            "time": "2018-04-01T19:15:23+00:00"
        },
        {
            "name": "davideugenepratt/magento2-theme-boilerplate-pattern-library",
            "version": "dev-master",
            "source": {
                "type": "git",
                "url": "https://github.com/davideugenepratt/magento2-theme-boilerplate-pattern-library.git",
                "reference": "c81ffbabccbfd03f29d21ced43bc24d38e141eef"
            },
            "dist": {
                "type": "zip",
                "url": "https://api.github.com/repos/davideugenepratt/magento2-theme-boilerplate-pattern-library/zipball/c81ffbabccbfd03f29d21ced43bc24d38e141eef",
                "reference": "c81ffbabccbfd03f29d21ced43bc24d38e141eef",
                "shasum": ""
            },
            "require": {
                "php": "^5.3.3 || ^7.0"
            },
            "type": "library",
            "description": "A boilerplate pattern library for a Magento2 theme.",
            "support": {
                "source": "https://github.com/davideugenepratt/magento2-theme-boilerplate-pattern-library/tree/master",
                "issues": "https://github.com/davideugenepratt/magento2-theme-boilerplate-pattern-library/issues"
            },
            "time": "2018-03-31T04:04:10+00:00"
        }
    ],
    "aliases": [],
    "minimum-stability": "stable",
    "stability-flags": {
        "davideugenepratt/magento2-demo": 20,
        "davideugenepratt/magento2-theme-boilerplate-pattern-library": 20
    },
    "prefer-stable": false,
    "prefer-lowest": false,
    "platform": {
        "php": "^5.3.3 || ^7.0"
    },
    "platform-dev": []
}
